{
  "object": {
    "pins": [
      {
        "package": "FSEventsWrapper",
        "repositoryURL": "https://github.com/Frizlab/FSEventsWrapper",
        "state": {
          "branch": null,
          "revision": "e0c59a2ce2775e5f6642da6d19207445f10112d0",
          "version": "1.0.2"
        }
      },
      {
        "package": "Glob",
        "repositoryURL": "https://github.com/Bouke/Glob",
        "state": {
          "branch": null,
          "revision": "deda6e163d2ff2a8d7e138e2c3326dbd71157faf",
          "version": "1.0.5"
        }
      },
      {
        "package": "JSONRPC",
        "repositoryURL": "https://github.com/ChimeHQ/JSONRPC",
        "state": {
          "branch": null,
          "revision": "afc20d00e38674774f84edc325424a32ae3b9e01",
          "version": "0.7.0"
        }
      },
      {
        "package": "LanguageServerProtocol",
        "repositoryURL": "https://github.com/ChimeHQ/LanguageServerProtocol",
        "state": {
          "branch": null,
          "revision": "9293fd8a3b4298bab12475ff46f793a6d4055f0e",
          "version": "0.9.0"
        }
      },
      {
        "package": "OperationPlus",
        "repositoryURL": "https://github.com/ChimeHQ/OperationPlus",
        "state": {
          "branch": null,
          "revision": "1340f95dce3e93d742497d88db18f8676f4badf4",
          "version": "1.6.0"
        }
      },
      {
        "package": "ProcessEnv",
        "repositoryURL": "https://github.com/ChimeHQ/ProcessEnv",
        "state": {
          "branch": null,
          "revision": "7bcb6c11593be08456f48042fad1a7bf875f217a",
          "version": "0.3.0"
        }
      }
    ]
  },
  "version": 1
}
